
Microsoft Visual Studio Solution File, Format Version 12.00
# Visual Studio Version 17
VisualStudioVersion = 17.9.34714.143
MinimumVisualStudioVersion = 10.0.40219.1
Project("{FAE04EC0-301F-11D3-BF4B-00C04F79EFBC}") = "TPFinalNivel3_GonzalesMichael", "TPFinalNivel3_GonzalesMichael\TPFinalNivel3_GonzalesMichael.csproj", "{8F347F92-293F-40ED-B572-26BCC25D0758}"
EndProject
Global
	GlobalSection(SolutionConfigurationPlatforms) = preSolution
		Debug|Any CPU = Debug|Any CPU
		Release|Any CPU = Release|Any CPU
	EndGlobalSection
	GlobalSection(ProjectConfigurationPlatforms) = postSolution
		{8F347F92-293F-40ED-B572-26BCC25D0758}.Debug|Any CPU.ActiveCfg = Debug|Any CPU
		{8F347F92-293F-40ED-B572-26BCC25D0758}.Debug|Any CPU.Build.0 = Debug|Any CPU
		{8F347F92-293F-40ED-B572-26BCC25D0758}.Release|Any CPU.ActiveCfg = Release|Any CPU
		{8F347F92-293F-40ED-B572-26BCC25D0758}.Release|Any CPU.Build.0 = Release|Any CPU
	EndGlobalSection
	GlobalSection(SolutionProperties) = preSolution
		HideSolutionNode = FALSE
	EndGlobalSection
	GlobalSection(ExtensibilityGlobals) = postSolution
		SolutionGuid = {83468F61-366E-4D79-A05D-02CC1AB5B3FA}
	EndGlobalSection
EndGlobal
